
Microsoft Visual Studio Solution File, Format Version 12.00
# Visual Studio Version 17
VisualStudioVersion = 17.11.35222.181
MinimumVisualStudioVersion = 10.0.40219.1
Project("{FAE04EC0-301F-11D3-BF4B-00C04F79EFBC}") = "CurrencyConverter", "CurrencyConverter\CurrencyConverter.csproj", "{B63D589E-7CBF-4297-AD43-74430C7A4698}"
EndProject
Global
	GlobalSection(SolutionConfigurationPlatforms) = preSolution
		Debug|Any CPU = Debug|Any CPU
		Release|Any CPU = Release|Any CPU
	EndGlobalSection
	GlobalSection(ProjectConfigurationPlatforms) = postSolution
		{B63D589E-7CBF-4297-AD43-74430C7A4698}.Debug|Any CPU.ActiveCfg = Debug|Any CPU
		{B63D589E-7CBF-4297-AD43-74430C7A4698}.Debug|Any CPU.Build.0 = Debug|Any CPU
		{B63D589E-7CBF-4297-AD43-74430C7A4698}.Release|Any CPU.ActiveCfg = Release|Any CPU
		{B63D589E-7CBF-4297-AD43-74430C7A4698}.Release|Any CPU.Build.0 = Release|Any CPU
	EndGlobalSection
	GlobalSection(SolutionProperties) = preSolution
		HideSolutionNode = FALSE
	EndGlobalSection
	GlobalSection(ExtensibilityGlobals) = postSolution
		SolutionGuid = {4AFFB8C2-01F3-4B7C-A985-F6D478E29614}
	EndGlobalSection
EndGlobal
