
Microsoft Visual Studio Solution File, Format Version 12.00
# Visual Studio Version 17
VisualStudioVersion = 17.11.35222.181
MinimumVisualStudioVersion = 10.0.40219.1
Project("{FAE04EC0-301F-11D3-BF4B-00C04F79EFBC}") = "FractionCalculator", "FractionCalculator\FractionCalculator.csproj", "{81682239-0D07-4A78-94A1-0A39643C0AAF}"
EndProject
Global
	GlobalSection(SolutionConfigurationPlatforms) = preSolution
		Debug|Any CPU = Debug|Any CPU
		Release|Any CPU = Release|Any CPU
	EndGlobalSection
	GlobalSection(ProjectConfigurationPlatforms) = postSolution
		{81682239-0D07-4A78-94A1-0A39643C0AAF}.Debug|Any CPU.ActiveCfg = Debug|Any CPU
		{81682239-0D07-4A78-94A1-0A39643C0AAF}.Debug|Any CPU.Build.0 = Debug|Any CPU
		{81682239-0D07-4A78-94A1-0A39643C0AAF}.Release|Any CPU.ActiveCfg = Release|Any CPU
		{81682239-0D07-4A78-94A1-0A39643C0AAF}.Release|Any CPU.Build.0 = Release|Any CPU
	EndGlobalSection
	GlobalSection(SolutionProperties) = preSolution
		HideSolutionNode = FALSE
	EndGlobalSection
	GlobalSection(ExtensibilityGlobals) = postSolution
		SolutionGuid = {8ACF5678-8C3A-4CE6-BAD4-39E700CDAE13}
	EndGlobalSection
EndGlobal
