
Microsoft Visual Studio Solution File, Format Version 12.00
# Visual Studio Version 17
VisualStudioVersion = 17.11.35222.181
MinimumVisualStudioVersion = 10.0.40219.1
Project("{FAE04EC0-301F-11D3-BF4B-00C04F79EFBC}") = "PasswordGeneratorApp", "PasswordGeneratorApp\PasswordGeneratorApp.csproj", "{513D8B78-5556-475B-B582-753EEBCF69AF}"
EndProject
Global
	GlobalSection(SolutionConfigurationPlatforms) = preSolution
		Debug|Any CPU = Debug|Any CPU
		Release|Any CPU = Release|Any CPU
	EndGlobalSection
	GlobalSection(ProjectConfigurationPlatforms) = postSolution
		{513D8B78-5556-475B-B582-753EEBCF69AF}.Debug|Any CPU.ActiveCfg = Debug|Any CPU
		{513D8B78-5556-475B-B582-753EEBCF69AF}.Debug|Any CPU.Build.0 = Debug|Any CPU
		{513D8B78-5556-475B-B582-753EEBCF69AF}.Release|Any CPU.ActiveCfg = Release|Any CPU
		{513D8B78-5556-475B-B582-753EEBCF69AF}.Release|Any CPU.Build.0 = Release|Any CPU
	EndGlobalSection
	GlobalSection(SolutionProperties) = preSolution
		HideSolutionNode = FALSE
	EndGlobalSection
	GlobalSection(ExtensibilityGlobals) = postSolution
		SolutionGuid = {4CD55F11-B873-4FF2-9603-14E0EED1C453}
	EndGlobalSection
EndGlobal
