
Microsoft Visual Studio Solution File, Format Version 12.00
# Visual Studio Version 17
VisualStudioVersion = 17.11.35222.181
MinimumVisualStudioVersion = 10.0.40219.1
Project("{FAE04EC0-301F-11D3-BF4B-00C04F79EFBC}") = "MessageEncryption", "MessageEncryption\MessageEncryption.csproj", "{7592CBD0-D7D0-4661-88D1-EAC5FC0A1031}"
EndProject
Global
	GlobalSection(SolutionConfigurationPlatforms) = preSolution
		Debug|Any CPU = Debug|Any CPU
		Release|Any CPU = Release|Any CPU
	EndGlobalSection
	GlobalSection(ProjectConfigurationPlatforms) = postSolution
		{7592CBD0-D7D0-4661-88D1-EAC5FC0A1031}.Debug|Any CPU.ActiveCfg = Debug|Any CPU
		{7592CBD0-D7D0-4661-88D1-EAC5FC0A1031}.Debug|Any CPU.Build.0 = Debug|Any CPU
		{7592CBD0-D7D0-4661-88D1-EAC5FC0A1031}.Release|Any CPU.ActiveCfg = Release|Any CPU
		{7592CBD0-D7D0-4661-88D1-EAC5FC0A1031}.Release|Any CPU.Build.0 = Release|Any CPU
	EndGlobalSection
	GlobalSection(SolutionProperties) = preSolution
		HideSolutionNode = FALSE
	EndGlobalSection
	GlobalSection(ExtensibilityGlobals) = postSolution
		SolutionGuid = {3E8E1AEA-2F2E-49C0-84E5-E667D3249393}
	EndGlobalSection
EndGlobal
